
Microsoft Visual Studio Solution File, Format Version 12.00
# Visual Studio 14
VisualStudioVersion = 14.0.24720.0
MinimumVisualStudioVersion = 10.0.40219.1
Project("{FAE04EC0-301F-11D3-BF4B-00C04F79EFBC}") = "Ecutbildning.Laboration2Service", "Ecutbildning.Laboration2Service\Ecutbildning.Laboration2Service.csproj", "{58DCEC0F-4EB9-430C-A2D0-62E3333717CB}"
EndProject
Global
	GlobalSection(SolutionConfigurationPlatforms) = preSolution
		Debug|Any CPU = Debug|Any CPU
		Release|Any CPU = Release|Any CPU
	EndGlobalSection
	GlobalSection(ProjectConfigurationPlatforms) = postSolution
		{58DCEC0F-4EB9-430C-A2D0-62E3333717CB}.Debug|Any CPU.ActiveCfg = Debug|Any CPU
		{58DCEC0F-4EB9-430C-A2D0-62E3333717CB}.Debug|Any CPU.Build.0 = Debug|Any CPU
		{58DCEC0F-4EB9-430C-A2D0-62E3333717CB}.Release|Any CPU.ActiveCfg = Release|Any CPU
		{58DCEC0F-4EB9-430C-A2D0-62E3333717CB}.Release|Any CPU.Build.0 = Release|Any CPU
	EndGlobalSection
	GlobalSection(SolutionProperties) = preSolution
		HideSolutionNode = FALSE
	EndGlobalSection
EndGlobal
