
Microsoft Visual Studio Solution File, Format Version 12.00
# Visual Studio 14
VisualStudioVersion = 14.0.24720.0
MinimumVisualStudioVersion = 10.0.40219.1
Project("{FAE04EC0-301F-11D3-BF4B-00C04F79EFBC}") = "Laboration_1_Service", "Laboration_1_Service\Laboration_1_Service.csproj", "{4B7757C3-C31E-4377-9120-9F36E4957F47}"
EndProject
Project("{FAE04EC0-301F-11D3-BF4B-00C04F79EFBC}") = "Laboration_1_Client", "Laboration_1_Client\Laboration_1_Client.csproj", "{A86219C4-B557-4646-9403-601A58AF4A41}"
	ProjectSection(ProjectDependencies) = postProject
		{CABCF10A-664A-4456-A859-8A7D2C246642} = {CABCF10A-664A-4456-A859-8A7D2C246642}
		{0B8AE10D-8F71-4927-A6FC-39A81560C2F4} = {0B8AE10D-8F71-4927-A6FC-39A81560C2F4}
		{EA6EAF1D-0DF3-47C9-9DE7-C5297F24468A} = {EA6EAF1D-0DF3-47C9-9DE7-C5297F24468A}
		{D7A225AC-7762-4C86-A33B-5516954CAAD9} = {D7A225AC-7762-4C86-A33B-5516954CAAD9}
		{4B7757C3-C31E-4377-9120-9F36E4957F47} = {4B7757C3-C31E-4377-9120-9F36E4957F47}
		{D10E49ED-0A8B-4477-998D-042794FA9936} = {D10E49ED-0A8B-4477-998D-042794FA9936}
		{0BD120EF-DD60-4B1F-8824-0D726D7A7297} = {0BD120EF-DD60-4B1F-8824-0D726D7A7297}
	EndProjectSection
EndProject
Project("{2150E333-8FDC-42A3-9474-1A3956D46DE8}") = "Laboration 1 - punkt 1", "Laboration 1 - punkt 1", "{C2083911-DA9C-42FF-9BD9-7FB2C4626484}"
EndProject
Project("{2150E333-8FDC-42A3-9474-1A3956D46DE8}") = "Laboration 1 - punkt 2", "Laboration 1 - punkt 2", "{DF7DC13D-71E6-445A-A338-E0131212CE5F}"
EndProject
Project("{FAE04EC0-301F-11D3-BF4B-00C04F79EFBC}") = "Laboration_1_Punkt_2_Service", "Laboration_1_Punkt_2_Service\Laboration_1_Punkt_2_Service.csproj", "{0BD120EF-DD60-4B1F-8824-0D726D7A7297}"
EndProject
Project("{2150E333-8FDC-42A3-9474-1A3956D46DE8}") = "Laboration 1 - punkt 3", "Laboration 1 - punkt 3", "{9D2900C0-10C4-4017-853D-4AF09C828AB9}"
EndProject
Project("{FAE04EC0-301F-11D3-BF4B-00C04F79EFBC}") = "Laboration_1_Punkt_3_Service", "Laboration_1_Punkt_3_Service\Laboration_1_Punkt_3_Service.csproj", "{EA6EAF1D-0DF3-47C9-9DE7-C5297F24468A}"
EndProject
Project("{2150E333-8FDC-42A3-9474-1A3956D46DE8}") = "Laboration 1 - punkt 4", "Laboration 1 - punkt 4", "{FAE3F3F8-E999-450B-9877-7D65D80EC0E7}"
EndProject
Project("{FAE04EC0-301F-11D3-BF4B-00C04F79EFBC}") = "Laboration_1_Punkt_4_Service", "Laboration_1_Punkt_4_Service\Laboration_1_Punkt_4_Service.csproj", "{CABCF10A-664A-4456-A859-8A7D2C246642}"
EndProject
Project("{2150E333-8FDC-42A3-9474-1A3956D46DE8}") = "Laboration 1 - punkt 5", "Laboration 1 - punkt 5", "{A9802E3E-7EA0-44DA-ABC0-680F829A3597}"
EndProject
Project("{FAE04EC0-301F-11D3-BF4B-00C04F79EFBC}") = "Laboration_1_punkt_5_Service", "Laboration_1_punkt_5_Service\Laboration_1_punkt_5_Service.csproj", "{D10E49ED-0A8B-4477-998D-042794FA9936}"
EndProject
Project("{2150E333-8FDC-42A3-9474-1A3956D46DE8}") = "Laboration 1 - punkt 6", "Laboration 1 - punkt 6", "{79E31ED9-C61D-4ED4-ADB7-8A04825F060F}"
EndProject
Project("{FAE04EC0-301F-11D3-BF4B-00C04F79EFBC}") = "LundsBorgmastareService", "LundsBorgmastareService\LundsBorgmastareService.csproj", "{0B8AE10D-8F71-4927-A6FC-39A81560C2F4}"
EndProject
Project("{FAE04EC0-301F-11D3-BF4B-00C04F79EFBC}") = "IndiaVicePresidentService", "IndiaVicePresidentService\IndiaVicePresidentService.csproj", "{D7A225AC-7762-4C86-A33B-5516954CAAD9}"
EndProject
Global
	GlobalSection(SolutionConfigurationPlatforms) = preSolution
		Debug|Any CPU = Debug|Any CPU
		Release|Any CPU = Release|Any CPU
	EndGlobalSection
	GlobalSection(ProjectConfigurationPlatforms) = postSolution
		{4B7757C3-C31E-4377-9120-9F36E4957F47}.Debug|Any CPU.ActiveCfg = Debug|Any CPU
		{4B7757C3-C31E-4377-9120-9F36E4957F47}.Debug|Any CPU.Build.0 = Debug|Any CPU
		{4B7757C3-C31E-4377-9120-9F36E4957F47}.Release|Any CPU.ActiveCfg = Release|Any CPU
		{4B7757C3-C31E-4377-9120-9F36E4957F47}.Release|Any CPU.Build.0 = Release|Any CPU
		{A86219C4-B557-4646-9403-601A58AF4A41}.Debug|Any CPU.ActiveCfg = Debug|Any CPU
		{A86219C4-B557-4646-9403-601A58AF4A41}.Debug|Any CPU.Build.0 = Debug|Any CPU
		{A86219C4-B557-4646-9403-601A58AF4A41}.Release|Any CPU.ActiveCfg = Release|Any CPU
		{A86219C4-B557-4646-9403-601A58AF4A41}.Release|Any CPU.Build.0 = Release|Any CPU
		{0BD120EF-DD60-4B1F-8824-0D726D7A7297}.Debug|Any CPU.ActiveCfg = Debug|Any CPU
		{0BD120EF-DD60-4B1F-8824-0D726D7A7297}.Debug|Any CPU.Build.0 = Debug|Any CPU
		{0BD120EF-DD60-4B1F-8824-0D726D7A7297}.Release|Any CPU.ActiveCfg = Release|Any CPU
		{0BD120EF-DD60-4B1F-8824-0D726D7A7297}.Release|Any CPU.Build.0 = Release|Any CPU
		{EA6EAF1D-0DF3-47C9-9DE7-C5297F24468A}.Debug|Any CPU.ActiveCfg = Debug|Any CPU
		{EA6EAF1D-0DF3-47C9-9DE7-C5297F24468A}.Debug|Any CPU.Build.0 = Debug|Any CPU
		{EA6EAF1D-0DF3-47C9-9DE7-C5297F24468A}.Release|Any CPU.ActiveCfg = Release|Any CPU
		{EA6EAF1D-0DF3-47C9-9DE7-C5297F24468A}.Release|Any CPU.Build.0 = Release|Any CPU
		{CABCF10A-664A-4456-A859-8A7D2C246642}.Debug|Any CPU.ActiveCfg = Debug|Any CPU
		{CABCF10A-664A-4456-A859-8A7D2C246642}.Debug|Any CPU.Build.0 = Debug|Any CPU
		{CABCF10A-664A-4456-A859-8A7D2C246642}.Release|Any CPU.ActiveCfg = Release|Any CPU
		{CABCF10A-664A-4456-A859-8A7D2C246642}.Release|Any CPU.Build.0 = Release|Any CPU
		{D10E49ED-0A8B-4477-998D-042794FA9936}.Debug|Any CPU.ActiveCfg = Debug|Any CPU
		{D10E49ED-0A8B-4477-998D-042794FA9936}.Debug|Any CPU.Build.0 = Debug|Any CPU
		{D10E49ED-0A8B-4477-998D-042794FA9936}.Release|Any CPU.ActiveCfg = Release|Any CPU
		{D10E49ED-0A8B-4477-998D-042794FA9936}.Release|Any CPU.Build.0 = Release|Any CPU
		{0B8AE10D-8F71-4927-A6FC-39A81560C2F4}.Debug|Any CPU.ActiveCfg = Debug|Any CPU
		{0B8AE10D-8F71-4927-A6FC-39A81560C2F4}.Debug|Any CPU.Build.0 = Debug|Any CPU
		{0B8AE10D-8F71-4927-A6FC-39A81560C2F4}.Release|Any CPU.ActiveCfg = Release|Any CPU
		{0B8AE10D-8F71-4927-A6FC-39A81560C2F4}.Release|Any CPU.Build.0 = Release|Any CPU
		{D7A225AC-7762-4C86-A33B-5516954CAAD9}.Debug|Any CPU.ActiveCfg = Debug|Any CPU
		{D7A225AC-7762-4C86-A33B-5516954CAAD9}.Debug|Any CPU.Build.0 = Debug|Any CPU
		{D7A225AC-7762-4C86-A33B-5516954CAAD9}.Release|Any CPU.ActiveCfg = Release|Any CPU
		{D7A225AC-7762-4C86-A33B-5516954CAAD9}.Release|Any CPU.Build.0 = Release|Any CPU
	EndGlobalSection
	GlobalSection(SolutionProperties) = preSolution
		HideSolutionNode = FALSE
	EndGlobalSection
	GlobalSection(NestedProjects) = preSolution
		{4B7757C3-C31E-4377-9120-9F36E4957F47} = {C2083911-DA9C-42FF-9BD9-7FB2C4626484}
		{0BD120EF-DD60-4B1F-8824-0D726D7A7297} = {DF7DC13D-71E6-445A-A338-E0131212CE5F}
		{EA6EAF1D-0DF3-47C9-9DE7-C5297F24468A} = {9D2900C0-10C4-4017-853D-4AF09C828AB9}
		{CABCF10A-664A-4456-A859-8A7D2C246642} = {FAE3F3F8-E999-450B-9877-7D65D80EC0E7}
		{D10E49ED-0A8B-4477-998D-042794FA9936} = {A9802E3E-7EA0-44DA-ABC0-680F829A3597}
		{0B8AE10D-8F71-4927-A6FC-39A81560C2F4} = {79E31ED9-C61D-4ED4-ADB7-8A04825F060F}
		{D7A225AC-7762-4C86-A33B-5516954CAAD9} = {79E31ED9-C61D-4ED4-ADB7-8A04825F060F}
	EndGlobalSection
EndGlobal
