
Microsoft Visual Studio Solution File, Format Version 12.00
# Visual Studio 14
VisualStudioVersion = 14.0.24720.0
MinimumVisualStudioVersion = 10.0.40219.1
Project("{FAE04EC0-301F-11D3-BF4B-00C04F79EFBC}") = "Ecutbildning.BMIClientConsole", "Ecutbildning.BMIClientConsole\Ecutbildning.BMIClientConsole.csproj", "{86258A32-51C7-48F9-A764-9CEABA3D8880}"
EndProject
Project("{FAE04EC0-301F-11D3-BF4B-00C04F79EFBC}") = "Ecutbildning.BMIClientForm", "Ecutbildning.BMIClientForm\Ecutbildning.BMIClientForm.csproj", "{541C652E-50BC-4B89-9FD1-B11924BACFCC}"
EndProject
Project("{FAE04EC0-301F-11D3-BF4B-00C04F79EFBC}") = "Ecutbildning.CalculateDaysForm", "Ecutbildning.CalculateDaysForm\Ecutbildning.CalculateDaysForm.csproj", "{BD2A9872-C5BD-411D-B11C-241339A5A565}"
EndProject
Project("{FAE04EC0-301F-11D3-BF4B-00C04F79EFBC}") = "Ecutbildning.CalculateDaysConsole", "Ecutbildning.CalculateDaysConsole\Ecutbildning.CalculateDaysConsole.csproj", "{6ED689EF-837F-49EE-BAF0-8E3D5DD144C3}"
EndProject
Project("{FAE04EC0-301F-11D3-BF4B-00C04F79EFBC}") = "Ecubildning.Next1000DaysConsole", "Ecubildning.Next1000DaysConsole\Ecubildning.Next1000DaysConsole.csproj", "{73662276-6253-4715-8B96-8E38D6721C98}"
EndProject
Project("{FAE04EC0-301F-11D3-BF4B-00C04F79EFBC}") = "Ecutbildning.Next1000DaysForm", "Ecutbildning.Next1000DaysForm\Ecutbildning.Next1000DaysForm.csproj", "{A5E1EE93-BAEC-4B3C-B5B4-8711534B6D8C}"
EndProject
Global
	GlobalSection(SolutionConfigurationPlatforms) = preSolution
		Debug|Any CPU = Debug|Any CPU
		Release|Any CPU = Release|Any CPU
	EndGlobalSection
	GlobalSection(ProjectConfigurationPlatforms) = postSolution
		{86258A32-51C7-48F9-A764-9CEABA3D8880}.Debug|Any CPU.ActiveCfg = Debug|Any CPU
		{86258A32-51C7-48F9-A764-9CEABA3D8880}.Debug|Any CPU.Build.0 = Debug|Any CPU
		{86258A32-51C7-48F9-A764-9CEABA3D8880}.Release|Any CPU.ActiveCfg = Release|Any CPU
		{86258A32-51C7-48F9-A764-9CEABA3D8880}.Release|Any CPU.Build.0 = Release|Any CPU
		{541C652E-50BC-4B89-9FD1-B11924BACFCC}.Debug|Any CPU.ActiveCfg = Debug|Any CPU
		{541C652E-50BC-4B89-9FD1-B11924BACFCC}.Debug|Any CPU.Build.0 = Debug|Any CPU
		{541C652E-50BC-4B89-9FD1-B11924BACFCC}.Release|Any CPU.ActiveCfg = Release|Any CPU
		{541C652E-50BC-4B89-9FD1-B11924BACFCC}.Release|Any CPU.Build.0 = Release|Any CPU
		{BD2A9872-C5BD-411D-B11C-241339A5A565}.Debug|Any CPU.ActiveCfg = Debug|Any CPU
		{BD2A9872-C5BD-411D-B11C-241339A5A565}.Debug|Any CPU.Build.0 = Debug|Any CPU
		{BD2A9872-C5BD-411D-B11C-241339A5A565}.Release|Any CPU.ActiveCfg = Release|Any CPU
		{BD2A9872-C5BD-411D-B11C-241339A5A565}.Release|Any CPU.Build.0 = Release|Any CPU
		{6ED689EF-837F-49EE-BAF0-8E3D5DD144C3}.Debug|Any CPU.ActiveCfg = Debug|Any CPU
		{6ED689EF-837F-49EE-BAF0-8E3D5DD144C3}.Debug|Any CPU.Build.0 = Debug|Any CPU
		{6ED689EF-837F-49EE-BAF0-8E3D5DD144C3}.Release|Any CPU.ActiveCfg = Release|Any CPU
		{6ED689EF-837F-49EE-BAF0-8E3D5DD144C3}.Release|Any CPU.Build.0 = Release|Any CPU
		{73662276-6253-4715-8B96-8E38D6721C98}.Debug|Any CPU.ActiveCfg = Debug|Any CPU
		{73662276-6253-4715-8B96-8E38D6721C98}.Debug|Any CPU.Build.0 = Debug|Any CPU
		{73662276-6253-4715-8B96-8E38D6721C98}.Release|Any CPU.ActiveCfg = Release|Any CPU
		{73662276-6253-4715-8B96-8E38D6721C98}.Release|Any CPU.Build.0 = Release|Any CPU
		{A5E1EE93-BAEC-4B3C-B5B4-8711534B6D8C}.Debug|Any CPU.ActiveCfg = Debug|Any CPU
		{A5E1EE93-BAEC-4B3C-B5B4-8711534B6D8C}.Debug|Any CPU.Build.0 = Debug|Any CPU
		{A5E1EE93-BAEC-4B3C-B5B4-8711534B6D8C}.Release|Any CPU.ActiveCfg = Release|Any CPU
		{A5E1EE93-BAEC-4B3C-B5B4-8711534B6D8C}.Release|Any CPU.Build.0 = Release|Any CPU
	EndGlobalSection
	GlobalSection(SolutionProperties) = preSolution
		HideSolutionNode = FALSE
	EndGlobalSection
EndGlobal
